
Microsoft Visual Studio Solution File, Format Version 11.00
# Visual Studio 2010
Project("{FAE04EC0-301F-11D3-BF4B-00C04F79EFBC}") = "RabinKarpSearch", "RabinKarpSearch\RabinKarpSearch.csproj", "{E2AEC2F9-EBCF-4067-9E4C-678321834C08}"
EndProject
Project("{FAE04EC0-301F-11D3-BF4B-00C04F79EFBC}") = "RabinKarpSearchTest", "RabinKarpSearchTest\RabinKarpSearchTest.csproj", "{4E194798-7B8F-48AF-A12B-95A38EC18221}"
EndProject
Project("{2150E333-8FDC-42A3-9474-1A3956D46DE8}") = "Solution Items", "Solution Items", "{61DCC576-8554-439A-BB81-95F77CEC40E5}"
	ProjectSection(SolutionItems) = preProject
		Local.testsettings = Local.testsettings
		RabinKarpSearch.vsmdi = RabinKarpSearch.vsmdi
		TraceAndTestImpact.testsettings = TraceAndTestImpact.testsettings
	EndProjectSection
EndProject
Project("{FAE04EC0-301F-11D3-BF4B-00C04F79EFBC}") = "SequenceGenerator", "SequenceGenerator\SequenceGenerator.csproj", "{111FB32E-AF96-473A-9B74-540F1639E876}"
EndProject
Project("{FAE04EC0-301F-11D3-BF4B-00C04F79EFBC}") = "RkSearchCompare", "RkSearchCompare\RkSearchCompare.csproj", "{915320F4-C4CF-4B06-B4F5-E64418C02AB1}"
EndProject
Global
	GlobalSection(TestCaseManagementSettings) = postSolution
		CategoryFile = RabinKarpSearch.vsmdi
	EndGlobalSection
	GlobalSection(SolutionConfigurationPlatforms) = preSolution
		Debug|Any CPU = Debug|Any CPU
		Debug|Mixed Platforms = Debug|Mixed Platforms
		Debug|x64 = Debug|x64
		Debug|x86 = Debug|x86
		Release|Any CPU = Release|Any CPU
		Release|Mixed Platforms = Release|Mixed Platforms
		Release|x64 = Release|x64
		Release|x86 = Release|x86
	EndGlobalSection
	GlobalSection(ProjectConfigurationPlatforms) = postSolution
		{E2AEC2F9-EBCF-4067-9E4C-678321834C08}.Debug|Any CPU.ActiveCfg = Debug|Any CPU
		{E2AEC2F9-EBCF-4067-9E4C-678321834C08}.Debug|Any CPU.Build.0 = Debug|Any CPU
		{E2AEC2F9-EBCF-4067-9E4C-678321834C08}.Debug|Mixed Platforms.ActiveCfg = Debug|x64
		{E2AEC2F9-EBCF-4067-9E4C-678321834C08}.Debug|Mixed Platforms.Build.0 = Debug|x64
		{E2AEC2F9-EBCF-4067-9E4C-678321834C08}.Debug|x64.ActiveCfg = Debug|x64
		{E2AEC2F9-EBCF-4067-9E4C-678321834C08}.Debug|x64.Build.0 = Debug|x64
		{E2AEC2F9-EBCF-4067-9E4C-678321834C08}.Debug|x86.ActiveCfg = Debug|x64
		{E2AEC2F9-EBCF-4067-9E4C-678321834C08}.Release|Any CPU.ActiveCfg = Release|Any CPU
		{E2AEC2F9-EBCF-4067-9E4C-678321834C08}.Release|Any CPU.Build.0 = Release|Any CPU
		{E2AEC2F9-EBCF-4067-9E4C-678321834C08}.Release|Mixed Platforms.ActiveCfg = Release|x64
		{E2AEC2F9-EBCF-4067-9E4C-678321834C08}.Release|Mixed Platforms.Build.0 = Release|x64
		{E2AEC2F9-EBCF-4067-9E4C-678321834C08}.Release|x64.ActiveCfg = Release|x64
		{E2AEC2F9-EBCF-4067-9E4C-678321834C08}.Release|x64.Build.0 = Release|x64
		{E2AEC2F9-EBCF-4067-9E4C-678321834C08}.Release|x86.ActiveCfg = Release|x64
		{4E194798-7B8F-48AF-A12B-95A38EC18221}.Debug|Any CPU.ActiveCfg = Debug|Any CPU
		{4E194798-7B8F-48AF-A12B-95A38EC18221}.Debug|Any CPU.Build.0 = Debug|Any CPU
		{4E194798-7B8F-48AF-A12B-95A38EC18221}.Debug|Mixed Platforms.ActiveCfg = Debug|Any CPU
		{4E194798-7B8F-48AF-A12B-95A38EC18221}.Debug|Mixed Platforms.Build.0 = Debug|Any CPU
		{4E194798-7B8F-48AF-A12B-95A38EC18221}.Debug|x64.ActiveCfg = Debug|x64
		{4E194798-7B8F-48AF-A12B-95A38EC18221}.Debug|x64.Build.0 = Debug|x64
		{4E194798-7B8F-48AF-A12B-95A38EC18221}.Debug|x86.ActiveCfg = Debug|x64
		{4E194798-7B8F-48AF-A12B-95A38EC18221}.Release|Any CPU.ActiveCfg = Release|Any CPU
		{4E194798-7B8F-48AF-A12B-95A38EC18221}.Release|Any CPU.Build.0 = Release|Any CPU
		{4E194798-7B8F-48AF-A12B-95A38EC18221}.Release|Mixed Platforms.ActiveCfg = Release|x64
		{4E194798-7B8F-48AF-A12B-95A38EC18221}.Release|Mixed Platforms.Build.0 = Release|x64
		{4E194798-7B8F-48AF-A12B-95A38EC18221}.Release|x64.ActiveCfg = Release|x64
		{4E194798-7B8F-48AF-A12B-95A38EC18221}.Release|x64.Build.0 = Release|x64
		{4E194798-7B8F-48AF-A12B-95A38EC18221}.Release|x86.ActiveCfg = Release|x64
		{111FB32E-AF96-473A-9B74-540F1639E876}.Debug|Any CPU.ActiveCfg = Debug|Any CPU
		{111FB32E-AF96-473A-9B74-540F1639E876}.Debug|Any CPU.Build.0 = Debug|Any CPU
		{111FB32E-AF96-473A-9B74-540F1639E876}.Debug|Mixed Platforms.ActiveCfg = Debug|x64
		{111FB32E-AF96-473A-9B74-540F1639E876}.Debug|Mixed Platforms.Build.0 = Debug|x64
		{111FB32E-AF96-473A-9B74-540F1639E876}.Debug|x64.ActiveCfg = Debug|x64
		{111FB32E-AF96-473A-9B74-540F1639E876}.Debug|x64.Build.0 = Debug|x64
		{111FB32E-AF96-473A-9B74-540F1639E876}.Debug|x86.ActiveCfg = Debug|x64
		{111FB32E-AF96-473A-9B74-540F1639E876}.Release|Any CPU.ActiveCfg = Release|Any CPU
		{111FB32E-AF96-473A-9B74-540F1639E876}.Release|Any CPU.Build.0 = Release|Any CPU
		{111FB32E-AF96-473A-9B74-540F1639E876}.Release|Mixed Platforms.ActiveCfg = Release|x64
		{111FB32E-AF96-473A-9B74-540F1639E876}.Release|Mixed Platforms.Build.0 = Release|x64
		{111FB32E-AF96-473A-9B74-540F1639E876}.Release|x64.ActiveCfg = Release|x64
		{111FB32E-AF96-473A-9B74-540F1639E876}.Release|x64.Build.0 = Release|x64
		{111FB32E-AF96-473A-9B74-540F1639E876}.Release|x86.ActiveCfg = Release|x64
		{915320F4-C4CF-4B06-B4F5-E64418C02AB1}.Debug|Any CPU.ActiveCfg = Debug|x86
		{915320F4-C4CF-4B06-B4F5-E64418C02AB1}.Debug|Any CPU.Build.0 = Debug|x86
		{915320F4-C4CF-4B06-B4F5-E64418C02AB1}.Debug|Mixed Platforms.ActiveCfg = Debug|x86
		{915320F4-C4CF-4B06-B4F5-E64418C02AB1}.Debug|Mixed Platforms.Build.0 = Debug|x86
		{915320F4-C4CF-4B06-B4F5-E64418C02AB1}.Debug|x64.ActiveCfg = Debug|x86
		{915320F4-C4CF-4B06-B4F5-E64418C02AB1}.Debug|x86.ActiveCfg = Debug|x86
		{915320F4-C4CF-4B06-B4F5-E64418C02AB1}.Debug|x86.Build.0 = Debug|x86
		{915320F4-C4CF-4B06-B4F5-E64418C02AB1}.Release|Any CPU.ActiveCfg = Release|x86
		{915320F4-C4CF-4B06-B4F5-E64418C02AB1}.Release|Any CPU.Build.0 = Release|x86
		{915320F4-C4CF-4B06-B4F5-E64418C02AB1}.Release|Mixed Platforms.ActiveCfg = Release|x86
		{915320F4-C4CF-4B06-B4F5-E64418C02AB1}.Release|Mixed Platforms.Build.0 = Release|x86
		{915320F4-C4CF-4B06-B4F5-E64418C02AB1}.Release|x64.ActiveCfg = Release|x86
		{915320F4-C4CF-4B06-B4F5-E64418C02AB1}.Release|x86.ActiveCfg = Release|x86
		{915320F4-C4CF-4B06-B4F5-E64418C02AB1}.Release|x86.Build.0 = Release|x86
	EndGlobalSection
	GlobalSection(SolutionProperties) = preSolution
		HideSolutionNode = FALSE
	EndGlobalSection
EndGlobal
